
Microsoft Visual Studio Solution File, Format Version 12.00
# Visual Studio Version 17
VisualStudioVersion = 17.0.32014.148
MinimumVisualStudioVersion = 10.0.40219.1
Project("{9A19103F-16F7-4668-BE54-9A1E7A4F7556}") = "WebBS.Core", "WebBS.Core\WebBS.Core.csproj", "{A8D20B8F-B71F-48F4-9915-EBBDB13B086B}"
EndProject
Project("{FAE04EC0-301F-11D3-BF4B-00C04F79EFBC}") = "FrontEnd_MVCRazor", "FrontEnd_MVCRazor\FrontEnd_MVCRazor.csproj", "{515B1489-CBF4-4CBD-AEDC-1A86D51D320F}"
EndProject
Project("{FAE04EC0-301F-11D3-BF4B-00C04F79EFBC}") = "WebBS.Data", "WebBS.Data\WebBS.Data.csproj", "{40DCFE24-C4CC-4811-8176-0058A3B3D2BE}"
EndProject
Global
	GlobalSection(SolutionConfigurationPlatforms) = preSolution
		Debug|Any CPU = Debug|Any CPU
		Release|Any CPU = Release|Any CPU
	EndGlobalSection
	GlobalSection(ProjectConfigurationPlatforms) = postSolution
		{A8D20B8F-B71F-48F4-9915-EBBDB13B086B}.Debug|Any CPU.ActiveCfg = Debug|Any CPU
		{A8D20B8F-B71F-48F4-9915-EBBDB13B086B}.Debug|Any CPU.Build.0 = Debug|Any CPU
		{A8D20B8F-B71F-48F4-9915-EBBDB13B086B}.Release|Any CPU.ActiveCfg = Release|Any CPU
		{A8D20B8F-B71F-48F4-9915-EBBDB13B086B}.Release|Any CPU.Build.0 = Release|Any CPU
		{515B1489-CBF4-4CBD-AEDC-1A86D51D320F}.Debug|Any CPU.ActiveCfg = Debug|Any CPU
		{515B1489-CBF4-4CBD-AEDC-1A86D51D320F}.Debug|Any CPU.Build.0 = Debug|Any CPU
		{515B1489-CBF4-4CBD-AEDC-1A86D51D320F}.Release|Any CPU.ActiveCfg = Release|Any CPU
		{515B1489-CBF4-4CBD-AEDC-1A86D51D320F}.Release|Any CPU.Build.0 = Release|Any CPU
		{40DCFE24-C4CC-4811-8176-0058A3B3D2BE}.Debug|Any CPU.ActiveCfg = Debug|Any CPU
		{40DCFE24-C4CC-4811-8176-0058A3B3D2BE}.Debug|Any CPU.Build.0 = Debug|Any CPU
		{40DCFE24-C4CC-4811-8176-0058A3B3D2BE}.Release|Any CPU.ActiveCfg = Release|Any CPU
		{40DCFE24-C4CC-4811-8176-0058A3B3D2BE}.Release|Any CPU.Build.0 = Release|Any CPU
	EndGlobalSection
	GlobalSection(SolutionProperties) = preSolution
		HideSolutionNode = FALSE
	EndGlobalSection
	GlobalSection(ExtensibilityGlobals) = postSolution
		SolutionGuid = {9CB5F0F9-D3B5-427A-A2B2-08210180B68A}
	EndGlobalSection
EndGlobal
